// !$*UTF8*$!
{
	archiveVersion = 1;
	classes = {
	};
	objectVersion = 46;
	objects = {

/* Begin PBXBuildFile section */
		3CAECC721791DBDA0000F471 /* UIKit.framework in Frameworks */ = {isa = PBXBuildFile; fileRef = 3CAECC711791DBDA0000F471 /* UIKit.framework */; };
		3CAECC741791DBDA0000F471 /* Foundation.framework in Frameworks */ = {isa = PBXBuildFile; fileRef = 3CAECC731791DBDA0000F471 /* Foundation.framework */; };
		3CAECC761791DBDA0000F471 /* CoreGraphics.framework in Frameworks */ = {isa = PBXBuildFile; fileRef = 3CAECC751791DBDA0000F471 /* CoreGraphics.framework */; };
		3CAECC7C1791DBDA0000F471 /* InfoPlist.strings in Resources */ = {isa = PBXBuildFile; fileRef = 3CAECC7A1791DBDA0000F471 /* InfoPlist.strings */; };
		3CAECC7E1791DBDA0000F471 /* main.m in Sources */ = {isa = PBXBuildFile; fileRef = 3CAECC7D1791DBDA0000F471 /* main.m */; };
		3CAECC821791DBDA0000F471 /* iDCAppDelegate.m in Sources */ = {isa = PBXBuildFile; fileRef = 3CAECC811791DBDA0000F471 /* iDCAppDelegate.m */; };
		3CAECC841791DBDA0000F471 /* Default.png in Resources */ = {isa = PBXBuildFile; fileRef = 3CAECC831791DBDA0000F471 /* Default.png */; };
		3CAECC861791DBDA0000F471 /* Default@2x.png in Resources */ = {isa = PBXBuildFile; fileRef = 3CAECC851791DBDA0000F471 /* Default@2x.png */; };
		3CAECC881791DBDA0000F471 /* Default-568h@2x.png in Resources */ = {isa = PBXBuildFile; fileRef = 3CAECC871791DBDA0000F471 /* Default-568h@2x.png */; };
		3CAECC8B1791DBDB0000F471 /* MainStoryboard.storyboard in Resources */ = {isa = PBXBuildFile; fileRef = 3CAECC891791DBDA0000F471 /* MainStoryboard.storyboard */; };
		3CAECC8E1791DBDB0000F471 /* iDCViewController.m in Sources */ = {isa = PBXBuildFile; fileRef = 3CAECC8D1791DBDB0000F471 /* iDCViewController.m */; };
		3CAECC981791E17E0000F471 /* MobileCoreServices.framework in Frameworks */ = {isa = PBXBuildFile; fileRef = 3CAECC971791E17E0000F471 /* MobileCoreServices.framework */; };
		3CAECC9A1791E1890000F471 /* Security.framework in Frameworks */ = {isa = PBXBuildFile; fileRef = 3CAECC991791E1890000F471 /* Security.framework */; };
		3CAECC9C1791E1920000F471 /* CoreLocation.framework in Frameworks */ = {isa = PBXBuildFile; fileRef = 3CAECC9B1791E1920000F471 /* CoreLocation.framework */; };
		3CAECC9E1791E19F0000F471 /* SystemConfiguration.framework in Frameworks */ = {isa = PBXBuildFile; fileRef = 3CAECC9D1791E19F0000F471 /* SystemConfiguration.framework */; };
		3CAECCA01791E1AE0000F471 /* CoreData.framework in Frameworks */ = {isa = PBXBuildFile; fileRef = 3CAECC9F1791E1AE0000F471 /* CoreData.framework */; };
		3CAECCD91791E2A80000F471 /* CHANGELOG.md in Resources */ = {isa = PBXBuildFile; fileRef = 3CAECCA21791E2A80000F471 /* CHANGELOG.md */; };
		3CAECCDA1791E2A80000F471 /* libstackmob-v2.0.0.a in Frameworks */ = {isa = PBXBuildFile; fileRef = 3CAECCD81791E2A80000F471 /* libstackmob-v2.0.0.a */; };
		3CAECCDD1791E7460000F471 /* simpleTaskData.xcdatamodeld in Sources */ = {isa = PBXBuildFile; fileRef = 3CAECCDB1791E7460000F471 /* simpleTaskData.xcdatamodeld */; };
		3CAECCE71791ECA90000F471 /* User.m in Sources */ = {isa = PBXBuildFile; fileRef = 3CAECCE61791ECA90000F471 /* User.m */; };
		3CAECCEA1791ECA90000F471 /* Task.m in Sources */ = {isa = PBXBuildFile; fileRef = 3CAECCE91791ECA90000F471 /* Task.m */; };
		3CAECCED1791EFA10000F471 /* iDCLoginViewController.m in Sources */ = {isa = PBXBuildFile; fileRef = 3CAECCEC1791EFA10000F471 /* iDCLoginViewController.m */; };
		3CAECCF91791F2BC0000F471 /* ADVDefaultTheme.m in Sources */ = {isa = PBXBuildFile; fileRef = 3CAECCF21791F2BC0000F471 /* ADVDefaultTheme.m */; };
		3CAECCFA1791F2BC0000F471 /* ADVFitpulseTheme.m in Sources */ = {isa = PBXBuildFile; fileRef = 3CAECCF51791F2BC0000F471 /* ADVFitpulseTheme.m */; };
		3CAECCFB1791F2BC0000F471 /* ADVTheme.m in Sources */ = {isa = PBXBuildFile; fileRef = 3CAECCF81791F2BC0000F471 /* ADVTheme.m */; };
		3CAECD2A1791F39B0000F471 /* backButton.png in Resources */ = {isa = PBXBuildFile; fileRef = 3CAECCFD1791F39A0000F471 /* backButton.png */; };
		3CAECD2B1791F39B0000F471 /* backButton@2x.png in Resources */ = {isa = PBXBuildFile; fileRef = 3CAECCFE1791F39A0000F471 /* backButton@2x.png */; };
		3CAECD2C1791F39B0000F471 /* background.png in Resources */ = {isa = PBXBuildFile; fileRef = 3CAECCFF1791F39A0000F471 /* background.png */; };
		3CAECD2D1791F39B0000F471 /* background@2x.png in Resources */ = {isa = PBXBuildFile; fileRef = 3CAECD001791F39A0000F471 /* background@2x.png */; };
		3CAECD2E1791F39B0000F471 /* barButton.png in Resources */ = {isa = PBXBuildFile; fileRef = 3CAECD011791F39A0000F471 /* barButton.png */; };
		3CAECD2F1791F39B0000F471 /* barButton@2x.png in Resources */ = {isa = PBXBuildFile; fileRef = 3CAECD021791F39A0000F471 /* barButton@2x.png */; };
		3CAECD301791F39B0000F471 /* button-blue-pressed.png in Resources */ = {isa = PBXBuildFile; fileRef = 3CAECD031791F39A0000F471 /* button-blue-pressed.png */; };
		3CAECD311791F39B0000F471 /* button-blue-pressed@2x.png in Resources */ = {isa = PBXBuildFile; fileRef = 3CAECD041791F39A0000F471 /* button-blue-pressed@2x.png */; };
		3CAECD321791F39B0000F471 /* button-blue.png in Resources */ = {isa = PBXBuildFile; fileRef = 3CAECD051791F39A0000F471 /* button-blue.png */; };
		3CAECD331791F39B0000F471 /* button-blue@2x.png in Resources */ = {isa = PBXBuildFile; fileRef = 3CAECD061791F39A0000F471 /* button-blue@2x.png */; };
		3CAECD341791F39B0000F471 /* button-gray-pressed.png in Resources */ = {isa = PBXBuildFile; fileRef = 3CAECD071791F39A0000F471 /* button-gray-pressed.png */; };
		3CAECD351791F39B0000F471 /* button-gray-pressed@2x.png in Resources */ = {isa = PBXBuildFile; fileRef = 3CAECD081791F39A0000F471 /* button-gray-pressed@2x.png */; };
		3CAECD361791F39B0000F471 /* button-gray.png in Resources */ = {isa = PBXBuildFile; fileRef = 3CAECD091791F39A0000F471 /* button-gray.png */; };
		3CAECD371791F39B0000F471 /* button-gray@2x.png in Resources */ = {isa = PBXBuildFile; fileRef = 3CAECD0A1791F39B0000F471 /* button-gray@2x.png */; };
		3CAECD381791F39B0000F471 /* camera-select.png in Resources */ = {isa = PBXBuildFile; fileRef = 3CAECD0B1791F39B0000F471 /* camera-select.png */; };
		3CAECD391791F39B0000F471 /* camera-select@2x.png in Resources */ = {isa = PBXBuildFile; fileRef = 3CAECD0C1791F39B0000F471 /* camera-select@2x.png */; };
		3CAECD3A1791F39B0000F471 /* Default-568h@2x.png in Resources */ = {isa = PBXBuildFile; fileRef = 3CAECD0D1791F39B0000F471 /* Default-568h@2x.png */; };
		3CAECD3B1791F39B0000F471 /* Default.png in Resources */ = {isa = PBXBuildFile; fileRef = 3CAECD0E1791F39B0000F471 /* Default.png */; };
		3CAECD3C1791F39B0000F471 /* Default@2x.png in Resources */ = {isa = PBXBuildFile; fileRef = 3CAECD0F1791F39B0000F471 /* Default@2x.png */; };
		3CAECD3D1791F39B0000F471 /* home-1.jpg in Resources */ = {isa = PBXBuildFile; fileRef = 3CAECD101791F39B0000F471 /* home-1.jpg */; };
		3CAECD3E1791F39B0000F471 /* home-2.jpg in Resources */ = {isa = PBXBuildFile; fileRef = 3CAECD111791F39B0000F471 /* home-2.jpg */; };
		3CAECD3F1791F39B0000F471 /* list-element.png in Resources */ = {isa = PBXBuildFile; fileRef = 3CAECD121791F39B0000F471 /* list-element.png */; };
		3CAECD401791F39B0000F471 /* list-element@2x.png in Resources */ = {isa = PBXBuildFile; fileRef = 3CAECD131791F39B0000F471 /* list-element@2x.png */; };
		3CAECD411791F39B0000F471 /* list-section-header-bg.png in Resources */ = {isa = PBXBuildFile; fileRef = 3CAECD141791F39B0000F471 /* list-section-header-bg.png */; };
		3CAECD421791F39B0000F471 /* list-section-header-bg@2x.png in Resources */ = {isa = PBXBuildFile; fileRef = 3CAECD151791F39B0000F471 /* list-section-header-bg@2x.png */; };
		3CAECD431791F39B0000F471 /* navigationBackground.png in Resources */ = {isa = PBXBuildFile; fileRef = 3CAECD161791F39B0000F471 /* navigationBackground.png */; };
		3CAECD441791F39B0000F471 /* navigationBackground@2x.png in Resources */ = {isa = PBXBuildFile; fileRef = 3CAECD171791F39B0000F471 /* navigationBackground@2x.png */; };
		3CAECD451791F39B0000F471 /* profile-stats-bg.png in Resources */ = {isa = PBXBuildFile; fileRef = 3CAECD181791F39B0000F471 /* profile-stats-bg.png */; };
		3CAECD461791F39B0000F471 /* profile-stats-bg@2x.png in Resources */ = {isa = PBXBuildFile; fileRef = 3CAECD191791F39B0000F471 /* profile-stats-bg@2x.png */; };
		3CAECD471791F39B0000F471 /* second.png in Resources */ = {isa = PBXBuildFile; fileRef = 3CAECD1A1791F39B0000F471 /* second.png */; };
		3CAECD481791F39B0000F471 /* second@2x.png in Resources */ = {isa = PBXBuildFile; fileRef = 3CAECD1B1791F39B0000F471 /* second@2x.png */; };
		3CAECD491791F39B0000F471 /* segmentedBackground.png in Resources */ = {isa = PBXBuildFile; fileRef = 3CAECD1C1791F39B0000F471 /* segmentedBackground.png */; };
		3CAECD4A1791F39B0000F471 /* segmentedBackground@2x.png in Resources */ = {isa = PBXBuildFile; fileRef = 3CAECD1D1791F39B0000F471 /* segmentedBackground@2x.png */; };
		3CAECD4B1791F39B0000F471 /* segmentedBackgroundSelected.png in Resources */ = {isa = PBXBuildFile; fileRef = 3CAECD1E1791F39B0000F471 /* segmentedBackgroundSelected.png */; };
		3CAECD4C1791F39B0000F471 /* segmentedBackgroundSelected@2x.png in Resources */ = {isa = PBXBuildFile; fileRef = 3CAECD1F1791F39B0000F471 /* segmentedBackgroundSelected@2x.png */; };
		3CAECD4D1791F39B0000F471 /* segmentedDivider.png in Resources */ = {isa = PBXBuildFile; fileRef = 3CAECD201791F39B0000F471 /* segmentedDivider.png */; };
		3CAECD4E1791F39B0000F471 /* segmentedDivider@2x.png in Resources */ = {isa = PBXBuildFile; fileRef = 3CAECD211791F39B0000F471 /* segmentedDivider@2x.png */; };
		3CAECD4F1791F39B0000F471 /* sliderMaxTrack.png in Resources */ = {isa = PBXBuildFile; fileRef = 3CAECD221791F39B0000F471 /* sliderMaxTrack.png */; };
		3CAECD501791F39B0000F471 /* sliderMaxTrack@2x.png in Resources */ = {isa = PBXBuildFile; fileRef = 3CAECD231791F39B0000F471 /* sliderMaxTrack@2x.png */; };
		3CAECD511791F39B0000F471 /* sliderMinTrack.png in Resources */ = {isa = PBXBuildFile; fileRef = 3CAECD241791F39B0000F471 /* sliderMinTrack.png */; };
		3CAECD521791F39B0000F471 /* sliderMinTrack@2x.png in Resources */ = {isa = PBXBuildFile; fileRef = 3CAECD251791F39B0000F471 /* sliderMinTrack@2x.png */; };
		3CAECD531791F39B0000F471 /* sliderMinTrack@2x_.png in Resources */ = {isa = PBXBuildFile; fileRef = 3CAECD261791F39B0000F471 /* sliderMinTrack@2x_.png */; };
		3CAECD541791F39B0000F471 /* sliderMinTrack_.png in Resources */ = {isa = PBXBuildFile; fileRef = 3CAECD271791F39B0000F471 /* sliderMinTrack_.png */; };
		3CAECD551791F39B0000F471 /* sliderThumb.png in Resources */ = {isa = PBXBuildFile; fileRef = 3CAECD281791F39B0000F471 /* sliderThumb.png */; };
		3CAECD561791F39B0000F471 /* sliderThumb@2x.png in Resources */ = {isa = PBXBuildFile; fileRef = 3CAECD291791F39B0000F471 /* sliderThumb@2x.png */; };
/* End PBXBuildFile section */

/* Begin PBXFileReference section */
		3CAECC6E1791DBDA0000F471 /* simpleTask.app */ = {isa = PBXFileReference; explicitFileType = wrapper.application; includeInIndex = 0; path = simpleTask.app; sourceTree = BUILT_PRODUCTS_DIR; };
		3CAECC711791DBDA0000F471 /* UIKit.framework */ = {isa = PBXFileReference; lastKnownFileType = wrapper.framework; name = UIKit.framework; path = System/Library/Frameworks/UIKit.framework; sourceTree = SDKROOT; };
		3CAECC731791DBDA0000F471 /* Foundation.framework */ = {isa = PBXFileReference; lastKnownFileType = wrapper.framework; name = Foundation.framework; path = System/Library/Frameworks/Foundation.framework; sourceTree = SDKROOT; };
		3CAECC751791DBDA0000F471 /* CoreGraphics.framework */ = {isa = PBXFileReference; lastKnownFileType = wrapper.framework; name = CoreGraphics.framework; path = System/Library/Frameworks/CoreGraphics.framework; sourceTree = SDKROOT; };
		3CAECC791791DBDA0000F471 /* simpleTask-Info.plist */ = {isa = PBXFileReference; lastKnownFileType = text.plist.xml; path = "simpleTask-Info.plist"; sourceTree = "<group>"; };
		3CAECC7B1791DBDA0000F471 /* en */ = {isa = PBXFileReference; lastKnownFileType = text.plist.strings; name = en; path = en.lproj/InfoPlist.strings; sourceTree = "<group>"; };
		3CAECC7D1791DBDA0000F471 /* main.m */ = {isa = PBXFileReference; lastKnownFileType = sourcecode.c.objc; path = main.m; sourceTree = "<group>"; };
		3CAECC7F1791DBDA0000F471 /* simpleTask-Prefix.pch */ = {isa = PBXFileReference; lastKnownFileType = sourcecode.c.h; path = "simpleTask-Prefix.pch"; sourceTree = "<group>"; };
		3CAECC801791DBDA0000F471 /* iDCAppDelegate.h */ = {isa = PBXFileReference; lastKnownFileType = sourcecode.c.h; path = iDCAppDelegate.h; sourceTree = "<group>"; };
		3CAECC811791DBDA0000F471 /* iDCAppDelegate.m */ = {isa = PBXFileReference; lastKnownFileType = sourcecode.c.objc; path = iDCAppDelegate.m; sourceTree = "<group>"; };
		3CAECC831791DBDA0000F471 /* Default.png */ = {isa = PBXFileReference; lastKnownFileType = image.png; path = Default.png; sourceTree = "<group>"; };
		3CAECC851791DBDA0000F471 /* Default@2x.png */ = {isa = PBXFileReference; lastKnownFileType = image.png; path = "Default@2x.png"; sourceTree = "<group>"; };
		3CAECC871791DBDA0000F471 /* Default-568h@2x.png */ = {isa = PBXFileReference; lastKnownFileType = image.png; path = "Default-568h@2x.png"; sourceTree = "<group>"; };
		3CAECC8A1791DBDB0000F471 /* en */ = {isa = PBXFileReference; lastKnownFileType = file.storyboard; name = en; path = en.lproj/MainStoryboard.storyboard; sourceTree = "<group>"; };
		3CAECC8C1791DBDB0000F471 /* iDCViewController.h */ = {isa = PBXFileReference; lastKnownFileType = sourcecode.c.h; path = iDCViewController.h; sourceTree = "<group>"; };
		3CAECC8D1791DBDB0000F471 /* iDCViewController.m */ = {isa = PBXFileReference; lastKnownFileType = sourcecode.c.objc; path = iDCViewController.m; sourceTree = "<group>"; };
		3CAECC971791E17E0000F471 /* MobileCoreServices.framework */ = {isa = PBXFileReference; lastKnownFileType = wrapper.framework; name = MobileCoreServices.framework; path = System/Library/Frameworks/MobileCoreServices.framework; sourceTree = SDKROOT; };
		3CAECC991791E1890000F471 /* Security.framework */ = {isa = PBXFileReference; lastKnownFileType = wrapper.framework; name = Security.framework; path = System/Library/Frameworks/Security.framework; sourceTree = SDKROOT; };
		3CAECC9B1791E1920000F471 /* CoreLocation.framework */ = {isa = PBXFileReference; lastKnownFileType = wrapper.framework; name = CoreLocation.framework; path = System/Library/Frameworks/CoreLocation.framework; sourceTree = SDKROOT; };
		3CAECC9D1791E19F0000F471 /* SystemConfiguration.framework */ = {isa = PBXFileReference; lastKnownFileType = wrapper.framework; name = SystemConfiguration.framework; path = System/Library/Frameworks/SystemConfiguration.framework; sourceTree = SDKROOT; };
		3CAECC9F1791E1AE0000F471 /* CoreData.framework */ = {isa = PBXFileReference; lastKnownFileType = wrapper.framework; name = CoreData.framework; path = System/Library/Frameworks/CoreData.framework; sourceTree = SDKROOT; };
		3CAECCA21791E2A80000F471 /* CHANGELOG.md */ = {isa = PBXFileReference; fileEncoding = 4; lastKnownFileType = text; path = CHANGELOG.md; sourceTree = "<group>"; };
		3CAECCA41791E2A80000F471 /* AFHTTPClient+StackMob.h */ = {isa = PBXFileReference; fileEncoding = 4; lastKnownFileType = sourcecode.c.h; path = "AFHTTPClient+StackMob.h"; sourceTree = "<group>"; };
		3CAECCA51791E2A80000F471 /* AFHTTPRequestOperation+RemoveContentType.h */ = {isa = PBXFileReference; fileEncoding = 4; lastKnownFileType = sourcecode.c.h; path = "AFHTTPRequestOperation+RemoveContentType.h"; sourceTree = "<group>"; };
		3CAECCA71791E2A80000F471 /* AFHTTPClient.h */ = {isa = PBXFileReference; fileEncoding = 4; lastKnownFileType = sourcecode.c.h; path = AFHTTPClient.h; sourceTree = "<group>"; };
		3CAECCA81791E2A80000F471 /* AFHTTPRequestOperation.h */ = {isa = PBXFileReference; fileEncoding = 4; lastKnownFileType = sourcecode.c.h; path = AFHTTPRequestOperation.h; sourceTree = "<group>"; };
		3CAECCA91791E2A80000F471 /* AFImageRequestOperation.h */ = {isa = PBXFileReference; fileEncoding = 4; lastKnownFileType = sourcecode.c.h; path = AFImageRequestOperation.h; sourceTree = "<group>"; };
		3CAECCAA1791E2A80000F471 /* AFJSONRequestOperation.h */ = {isa = PBXFileReference; fileEncoding = 4; lastKnownFileType = sourcecode.c.h; path = AFJSONRequestOperation.h; sourceTree = "<group>"; };
		3CAECCAB1791E2A80000F471 /* AFNetworkActivityIndicatorManager.h */ = {isa = PBXFileReference; fileEncoding = 4; lastKnownFileType = sourcecode.c.h; path = AFNetworkActivityIndicatorManager.h; sourceTree = "<group>"; };
		3CAECCAC1791E2A80000F471 /* AFNetworking.h */ = {isa = PBXFileReference; fileEncoding = 4; lastKnownFileType = sourcecode.c.h; path = AFNetworking.h; sourceTree = "<group>"; };
		3CAECCAD1791E2A80000F471 /* AFPropertyListRequestOperation.h */ = {isa = PBXFileReference; fileEncoding = 4; lastKnownFileType = sourcecode.c.h; path = AFPropertyListRequestOperation.h; sourceTree = "<group>"; };
		3CAECCAE1791E2A80000F471 /* AFURLConnectionOperation.h */ = {isa = PBXFileReference; fileEncoding = 4; lastKnownFileType = sourcecode.c.h; path = AFURLConnectionOperation.h; sourceTree = "<group>"; };
		3CAECCAF1791E2A80000F471 /* AFXMLRequestOperation.h */ = {isa = PBXFileReference; fileEncoding = 4; lastKnownFileType = sourcecode.c.h; path = AFXMLRequestOperation.h; sourceTree = "<group>"; };
		3CAECCB01791E2A80000F471 /* UIImageView+AFNetworking.h */ = {isa = PBXFileReference; fileEncoding = 4; lastKnownFileType = sourcecode.c.h; path = "UIImageView+AFNetworking.h"; sourceTree = "<group>"; };
		3CAECCB11791E2A80000F471 /* Base64EncodedStringFromData.h */ = {isa = PBXFileReference; fileEncoding = 4; lastKnownFileType = sourcecode.c.h; path = Base64EncodedStringFromData.h; sourceTree = "<group>"; };
		3CAECCB21791E2A80000F471 /* Common.h */ = {isa = PBXFileReference; fileEncoding = 4; lastKnownFileType = sourcecode.c.h; path = Common.h; sourceTree = "<group>"; };
		3CAECCB31791E2A80000F471 /* FileManagement.h */ = {isa = PBXFileReference; fileEncoding = 4; lastKnownFileType = sourcecode.c.h; path = FileManagement.h; sourceTree = "<group>"; };
		3CAECCB41791E2A80000F471 /* KeychainWrapper.h */ = {isa = PBXFileReference; fileEncoding = 4; lastKnownFileType = sourcecode.c.h; path = KeychainWrapper.h; sourceTree = "<group>"; };
		3CAECCB51791E2A80000F471 /* NSArray+Enumerable.h */ = {isa = PBXFileReference; fileEncoding = 4; lastKnownFileType = sourcecode.c.h; path = "NSArray+Enumerable.h"; sourceTree = "<group>"; };
		3CAECCB61791E2A80000F471 /* NSDictionary+AtomicCounter.h */ = {isa = PBXFileReference; fileEncoding = 4; lastKnownFileType = sourcecode.c.h; path = "NSDictionary+AtomicCounter.h"; sourceTree = "<group>"; };
		3CAECCB71791E2A80000F471 /* NSEntityDescription+StackMobSerialization.h */ = {isa = PBXFileReference; fileEncoding = 4; lastKnownFileType = sourcecode.c.h; path = "NSEntityDescription+StackMobSerialization.h"; sourceTree = "<group>"; };
		3CAECCB81791E2A80000F471 /* NSManagedObject+StackMobSerialization.h */ = {isa = PBXFileReference; fileEncoding = 4; lastKnownFileType = sourcecode.c.h; path = "NSManagedObject+StackMobSerialization.h"; sourceTree = "<group>"; };
		3CAECCB91791E2A80000F471 /* NSManagedObjectContext+Concurrency.h */ = {isa = PBXFileReference; fileEncoding = 4; lastKnownFileType = sourcecode.c.h; path = "NSManagedObjectContext+Concurrency.h"; sourceTree = "<group>"; };
		3CAECCBA1791E2A80000F471 /* SMBinaryDataConversion.h */ = {isa = PBXFileReference; fileEncoding = 4; lastKnownFileType = sourcecode.c.h; path = SMBinaryDataConversion.h; sourceTree = "<group>"; };
		3CAECCBB1791E2A80000F471 /* SMClient.h */ = {isa = PBXFileReference; fileEncoding = 4; lastKnownFileType = sourcecode.c.h; path = SMClient.h; sourceTree = "<group>"; };
		3CAECCBC1791E2A80000F471 /* SMCoreDataStore.h */ = {isa = PBXFileReference; fileEncoding = 4; lastKnownFileType = sourcecode.c.h; path = SMCoreDataStore.h; sourceTree = "<group>"; };
		3CAECCBD1791E2A80000F471 /* SMCustomCodeRequest.h */ = {isa = PBXFileReference; fileEncoding = 4; lastKnownFileType = sourcecode.c.h; path = SMCustomCodeRequest.h; sourceTree = "<group>"; };
		3CAECCBE1791E2A80000F471 /* SMDataStore+Protected.h */ = {isa = PBXFileReference; fileEncoding = 4; lastKnownFileType = sourcecode.c.h; path = "SMDataStore+Protected.h"; sourceTree = "<group>"; };
		3CAECCBF1791E2A80000F471 /* SMDataStore.h */ = {isa = PBXFileReference; fileEncoding = 4; lastKnownFileType = sourcecode.c.h; path = SMDataStore.h; sourceTree = "<group>"; };
		3CAECCC01791E2A80000F471 /* SMError.h */ = {isa = PBXFileReference; fileEncoding = 4; lastKnownFileType = sourcecode.c.h; path = SMError.h; sourceTree = "<group>"; };
		3CAECCC11791E2A80000F471 /* SMGeoPoint.h */ = {isa = PBXFileReference; fileEncoding = 4; lastKnownFileType = sourcecode.c.h; path = SMGeoPoint.h; sourceTree = "<group>"; };
		3CAECCC21791E2A80000F471 /* SMIncrementalStore+Query.h */ = {isa = PBXFileReference; fileEncoding = 4; lastKnownFileType = sourcecode.c.h; path = "SMIncrementalStore+Query.h"; sourceTree = "<group>"; };
		3CAECCC31791E2A80000F471 /* SMIncrementalStore.h */ = {isa = PBXFileReference; fileEncoding = 4; lastKnownFileType = sourcecode.c.h; path = SMIncrementalStore.h; sourceTree = "<group>"; };
		3CAECCC41791E2A80000F471 /* SMIncrementalStoreNode.h */ = {isa = PBXFileReference; fileEncoding = 4; lastKnownFileType = sourcecode.c.h; path = SMIncrementalStoreNode.h; sourceTree = "<group>"; };
		3CAECCC51791E2A80000F471 /* SMJSONRequestOperation.h */ = {isa = PBXFileReference; fileEncoding = 4; lastKnownFileType = sourcecode.c.h; path = SMJSONRequestOperation.h; sourceTree = "<group>"; };
		3CAECCC61791E2A80000F471 /* SMLocationManager.h */ = {isa = PBXFileReference; fileEncoding = 4; lastKnownFileType = sourcecode.c.h; path = SMLocationManager.h; sourceTree = "<group>"; };
		3CAECCC71791E2A80000F471 /* SMNetworkReachability.h */ = {isa = PBXFileReference; fileEncoding = 4; lastKnownFileType = sourcecode.c.h; path = SMNetworkReachability.h; sourceTree = "<group>"; };
		3CAECCC81791E2A80000F471 /* SMOAuth1Client.h */ = {isa = PBXFileReference; fileEncoding = 4; lastKnownFileType = sourcecode.c.h; path = SMOAuth1Client.h; sourceTree = "<group>"; };
		3CAECCC91791E2A80000F471 /* SMOAuth2Client.h */ = {isa = PBXFileReference; fileEncoding = 4; lastKnownFileType = sourcecode.c.h; path = SMOAuth2Client.h; sourceTree = "<group>"; };
		3CAECCCA1791E2A80000F471 /* SMPredicate.h */ = {isa = PBXFileReference; fileEncoding = 4; lastKnownFileType = sourcecode.c.h; path = SMPredicate.h; sourceTree = "<group>"; };
		3CAECCCB1791E2A80000F471 /* SMPushClient.h */ = {isa = PBXFileReference; fileEncoding = 4; lastKnownFileType = sourcecode.c.h; path = SMPushClient.h; sourceTree = "<group>"; };
		3CAECCCC1791E2A80000F471 /* SMPushToken.h */ = {isa = PBXFileReference; fileEncoding = 4; lastKnownFileType = sourcecode.c.h; path = SMPushToken.h; sourceTree = "<group>"; };
		3CAECCCD1791E2A80000F471 /* SMQuery.h */ = {isa = PBXFileReference; fileEncoding = 4; lastKnownFileType = sourcecode.c.h; path = SMQuery.h; sourceTree = "<group>"; };
		3CAECCCE1791E2A80000F471 /* SMRequestOptions.h */ = {isa = PBXFileReference; fileEncoding = 4; lastKnownFileType = sourcecode.c.h; path = SMRequestOptions.h; sourceTree = "<group>"; };
		3CAECCCF1791E2A80000F471 /* SMResponseBlocks.h */ = {isa = PBXFileReference; fileEncoding = 4; lastKnownFileType = sourcecode.c.h; path = SMResponseBlocks.h; sourceTree = "<group>"; };
		3CAECCD01791E2A80000F471 /* SMSyncedObject.h */ = {isa = PBXFileReference; fileEncoding = 4; lastKnownFileType = sourcecode.c.h; path = SMSyncedObject.h; sourceTree = "<group>"; };
		3CAECCD11791E2A80000F471 /* SMUserManagedObject.h */ = {isa = PBXFileReference; fileEncoding = 4; lastKnownFileType = sourcecode.c.h; path = SMUserManagedObject.h; sourceTree = "<group>"; };
		3CAECCD21791E2A80000F471 /* SMUserSession.h */ = {isa = PBXFileReference; fileEncoding = 4; lastKnownFileType = sourcecode.c.h; path = SMUserSession.h; sourceTree = "<group>"; };
		3CAECCD31791E2A80000F471 /* SMVersion.h */ = {isa = PBXFileReference; fileEncoding = 4; lastKnownFileType = sourcecode.c.h; path = SMVersion.h; sourceTree = "<group>"; };
		3CAECCD41791E2A80000F471 /* StackMob.h */ = {isa = PBXFileReference; fileEncoding = 4; lastKnownFileType = sourcecode.c.h; path = StackMob.h; sourceTree = "<group>"; };
		3CAECCD51791E2A80000F471 /* StackMobPush.h */ = {isa = PBXFileReference; fileEncoding = 4; lastKnownFileType = sourcecode.c.h; path = StackMobPush.h; sourceTree = "<group>"; };
		3CAECCD61791E2A80000F471 /* Synchronization.h */ = {isa = PBXFileReference; fileEncoding = 4; lastKnownFileType = sourcecode.c.h; path = Synchronization.h; sourceTree = "<group>"; };
		3CAECCD71791E2A80000F471 /* SystemInformation.h */ = {isa = PBXFileReference; fileEncoding = 4; lastKnownFileType = sourcecode.c.h; path = SystemInformation.h; sourceTree = "<group>"; };
		3CAECCD81791E2A80000F471 /* libstackmob-v2.0.0.a */ = {isa = PBXFileReference; lastKnownFileType = archive.ar; path = "libstackmob-v2.0.0.a"; sourceTree = "<group>"; };
		3CAECCDC1791E7460000F471 /* simpleTaskData.xcdatamodel */ = {isa = PBXFileReference; lastKnownFileType = wrapper.xcdatamodel; path = simpleTaskData.xcdatamodel; sourceTree = "<group>"; };
		3CAECCE51791ECA90000F471 /* User.h */ = {isa = PBXFileReference; fileEncoding = 4; lastKnownFileType = sourcecode.c.h; name = User.h; path = coredata/User.h; sourceTree = "<group>"; };
		3CAECCE61791ECA90000F471 /* User.m */ = {isa = PBXFileReference; fileEncoding = 4; lastKnownFileType = sourcecode.c.objc; name = User.m; path = coredata/User.m; sourceTree = "<group>"; };
		3CAECCE81791ECA90000F471 /* Task.h */ = {isa = PBXFileReference; fileEncoding = 4; lastKnownFileType = sourcecode.c.h; name = Task.h; path = coredata/Task.h; sourceTree = "<group>"; };
		3CAECCE91791ECA90000F471 /* Task.m */ = {isa = PBXFileReference; fileEncoding = 4; lastKnownFileType = sourcecode.c.objc; name = Task.m; path = coredata/Task.m; sourceTree = "<group>"; };
		3CAECCEB1791EFA10000F471 /* iDCLoginViewController.h */ = {isa = PBXFileReference; fileEncoding = 4; lastKnownFileType = sourcecode.c.h; name = iDCLoginViewController.h; path = View/iDCLoginViewController.h; sourceTree = "<group>"; };
		3CAECCEC1791EFA10000F471 /* iDCLoginViewController.m */ = {isa = PBXFileReference; fileEncoding = 4; lastKnownFileType = sourcecode.c.objc; name = iDCLoginViewController.m; path = View/iDCLoginViewController.m; sourceTree = "<group>"; };
		3CAECCF11791F2BC0000F471 /* ADVDefaultTheme.h */ = {isa = PBXFileReference; fileEncoding = 4; lastKnownFileType = sourcecode.c.h; path = ADVDefaultTheme.h; sourceTree = "<group>"; };
		3CAECCF21791F2BC0000F471 /* ADVDefaultTheme.m */ = {isa = PBXFileReference; fileEncoding = 4; lastKnownFileType = sourcecode.c.objc; path = ADVDefaultTheme.m; sourceTree = "<group>"; };
		3CAECCF41791F2BC0000F471 /* ADVFitpulseTheme.h */ = {isa = PBXFileReference; fileEncoding = 4; lastKnownFileType = sourcecode.c.h; path = ADVFitpulseTheme.h; sourceTree = "<group>"; };
		3CAECCF51791F2BC0000F471 /* ADVFitpulseTheme.m */ = {isa = PBXFileReference; fileEncoding = 4; lastKnownFileType = sourcecode.c.objc; path = ADVFitpulseTheme.m; sourceTree = "<group>"; };
		3CAECCF71791F2BC0000F471 /* ADVTheme.h */ = {isa = PBXFileReference; fileEncoding = 4; lastKnownFileType = sourcecode.c.h; path = ADVTheme.h; sourceTree = "<group>"; };
		3CAECCF81791F2BC0000F471 /* ADVTheme.m */ = {isa = PBXFileReference; fileEncoding = 4; lastKnownFileType = sourcecode.c.objc; path = ADVTheme.m; sourceTree = "<group>"; };
		3CAECCFD1791F39A0000F471 /* backButton.png */ = {isa = PBXFileReference; lastKnownFileType = image.png; path = backButton.png; sourceTree = "<group>"; };
		3CAECCFE1791F39A0000F471 /* backButton@2x.png */ = {isa = PBXFileReference; lastKnownFileType = image.png; path = "backButton@2x.png"; sourceTree = "<group>"; };
		3CAECCFF1791F39A0000F471 /* background.png */ = {isa = PBXFileReference; lastKnownFileType = image.png; path = background.png; sourceTree = "<group>"; };
		3CAECD001791F39A0000F471 /* background@2x.png */ = {isa = PBXFileReference; lastKnownFileType = image.png; path = "background@2x.png"; sourceTree = "<group>"; };
		3CAECD011791F39A0000F471 /* barButton.png */ = {isa = PBXFileReference; lastKnownFileType = image.png; path = barButton.png; sourceTree = "<group>"; };
		3CAECD021791F39A0000F471 /* barButton@2x.png */ = {isa = PBXFileReference; lastKnownFileType = image.png; path = "barButton@2x.png"; sourceTree = "<group>"; };
		3CAECD031791F39A0000F471 /* button-blue-pressed.png */ = {isa = PBXFileReference; lastKnownFileType = image.png; path = "button-blue-pressed.png"; sourceTree = "<group>"; };
		3CAECD041791F39A0000F471 /* button-blue-pressed@2x.png */ = {isa = PBXFileReference; lastKnownFileType = image.png; path = "button-blue-pressed@2x.png"; sourceTree = "<group>"; };
		3CAECD051791F39A0000F471 /* button-blue.png */ = {isa = PBXFileReference; lastKnownFileType = image.png; path = "button-blue.png"; sourceTree = "<group>"; };
		3CAECD061791F39A0000F471 /* button-blue@2x.png */ = {isa = PBXFileReference; lastKnownFileType = image.png; path = "button-blue@2x.png"; sourceTree = "<group>"; };
		3CAECD071791F39A0000F471 /* button-gray-pressed.png */ = {isa = PBXFileReference; lastKnownFileType = image.png; path = "button-gray-pressed.png"; sourceTree = "<group>"; };
		3CAECD081791F39A0000F471 /* button-gray-pressed@2x.png */ = {isa = PBXFileReference; lastKnownFileType = image.png; path = "button-gray-pressed@2x.png"; sourceTree = "<group>"; };
		3CAECD091791F39A0000F471 /* button-gray.png */ = {isa = PBXFileReference; lastKnownFileType = image.png; path = "button-gray.png"; sourceTree = "<group>"; };
		3CAECD0A1791F39B0000F471 /* button-gray@2x.png */ = {isa = PBXFileReference; lastKnownFileType = image.png; path = "button-gray@2x.png"; sourceTree = "<group>"; };
		3CAECD0B1791F39B0000F471 /* camera-select.png */ = {isa = PBXFileReference; lastKnownFileType = image.png; path = "camera-select.png"; sourceTree = "<group>"; };
		3CAECD0C1791F39B0000F471 /* camera-select@2x.png */ = {isa = PBXFileReference; lastKnownFileType = image.png; path = "camera-select@2x.png"; sourceTree = "<group>"; };
		3CAECD0D1791F39B0000F471 /* Default-568h@2x.png */ = {isa = PBXFileReference; lastKnownFileType = image.png; path = "Default-568h@2x.png"; sourceTree = "<group>"; };
		3CAECD0E1791F39B0000F471 /* Default.png */ = {isa = PBXFileReference; lastKnownFileType = image.png; path = Default.png; sourceTree = "<group>"; };
		3CAECD0F1791F39B0000F471 /* Default@2x.png */ = {isa = PBXFileReference; lastKnownFileType = image.png; path = "Default@2x.png"; sourceTree = "<group>"; };
		3CAECD101791F39B0000F471 /* home-1.jpg */ = {isa = PBXFileReference; lastKnownFileType = image.jpeg; path = "home-1.jpg"; sourceTree = "<group>"; };
		3CAECD111791F39B0000F471 /* home-2.jpg */ = {isa = PBXFileReference; lastKnownFileType = image.jpeg; path = "home-2.jpg"; sourceTree = "<group>"; };
		3CAECD121791F39B0000F471 /* list-element.png */ = {isa = PBXFileReference; lastKnownFileType = image.png; path = "list-element.png"; sourceTree = "<group>"; };
		3CAECD131791F39B0000F471 /* list-element@2x.png */ = {isa = PBXFileReference; lastKnownFileType = image.png; path = "list-element@2x.png"; sourceTree = "<group>"; };
		3CAECD141791F39B0000F471 /* list-section-header-bg.png */ = {isa = PBXFileReference; lastKnownFileType = image.png; path = "list-section-header-bg.png"; sourceTree = "<group>"; };
		3CAECD151791F39B0000F471 /* list-section-header-bg@2x.png */ = {isa = PBXFileReference; lastKnownFileType = image.png; path = "list-section-header-bg@2x.png"; sourceTree = "<group>"; };
		3CAECD161791F39B0000F471 /* navigationBackground.png */ = {isa = PBXFileReference; lastKnownFileType = image.png; path = navigationBackground.png; sourceTree = "<group>"; };
		3CAECD171791F39B0000F471 /* navigationBackground@2x.png */ = {isa = PBXFileReference; lastKnownFileType = image.png; path = "navigationBackground@2x.png"; sourceTree = "<group>"; };
		3CAECD181791F39B0000F471 /* profile-stats-bg.png */ = {isa = PBXFileReference; lastKnownFileType = image.png; path = "profile-stats-bg.png"; sourceTree = "<group>"; };
		3CAECD191791F39B0000F471 /* profile-stats-bg@2x.png */ = {isa = PBXFileReference; lastKnownFileType = image.png; path = "profile-stats-bg@2x.png"; sourceTree = "<group>"; };
		3CAECD1A1791F39B0000F471 /* second.png */ = {isa = PBXFileReference; lastKnownFileType = image.png; path = second.png; sourceTree = "<group>"; };
		3CAECD1B1791F39B0000F471 /* second@2x.png */ = {isa = PBXFileReference; lastKnownFileType = image.png; path = "second@2x.png"; sourceTree = "<group>"; };
		3CAECD1C1791F39B0000F471 /* segmentedBackground.png */ = {isa = PBXFileReference; lastKnownFileType = image.png; path = segmentedBackground.png; sourceTree = "<group>"; };
		3CAECD1D1791F39B0000F471 /* segmentedBackground@2x.png */ = {isa = PBXFileReference; lastKnownFileType = image.png; path = "segmentedBackground@2x.png"; sourceTree = "<group>"; };
		3CAECD1E1791F39B0000F471 /* segmentedBackgroundSelected.png */ = {isa = PBXFileReference; lastKnownFileType = image.png; path = segmentedBackgroundSelected.png; sourceTree = "<group>"; };
		3CAECD1F1791F39B0000F471 /* segmentedBackgroundSelected@2x.png */ = {isa = PBXFileReference; lastKnownFileType = image.png; path = "segmentedBackgroundSelected@2x.png"; sourceTree = "<group>"; };
		3CAECD201791F39B0000F471 /* segmentedDivider.png */ = {isa = PBXFileReference; lastKnownFileType = image.png; path = segmentedDivider.png; sourceTree = "<group>"; };
		3CAECD211791F39B0000F471 /* segmentedDivider@2x.png */ = {isa = PBXFileReference; lastKnownFileType = image.png; path = "segmentedDivider@2x.png"; sourceTree = "<group>"; };
		3CAECD221791F39B0000F471 /* sliderMaxTrack.png */ = {isa = PBXFileReference; lastKnownFileType = image.png; path = sliderMaxTrack.png; sourceTree = "<group>"; };
		3CAECD231791F39B0000F471 /* sliderMaxTrack@2x.png */ = {isa = PBXFileReference; lastKnownFileType = image.png; path = "sliderMaxTrack@2x.png"; sourceTree = "<group>"; };
		3CAECD241791F39B0000F471 /* sliderMinTrack.png */ = {isa = PBXFileReference; lastKnownFileType = image.png; path = sliderMinTrack.png; sourceTree = "<group>"; };
		3CAECD251791F39B0000F471 /* sliderMinTrack@2x.png */ = {isa = PBXFileReference; lastKnownFileType = image.png; path = "sliderMinTrack@2x.png"; sourceTree = "<group>"; };
		3CAECD261791F39B0000F471 /* sliderMinTrack@2x_.png */ = {isa = PBXFileReference; lastKnownFileType = image.png; path = "sliderMinTrack@2x_.png"; sourceTree = "<group>"; };
		3CAECD271791F39B0000F471 /* sliderMinTrack_.png */ = {isa = PBXFileReference; lastKnownFileType = image.png; path = sliderMinTrack_.png; sourceTree = "<group>"; };
		3CAECD281791F39B0000F471 /* sliderThumb.png */ = {isa = PBXFileReference; lastKnownFileType = image.png; path = sliderThumb.png; sourceTree = "<group>"; };
		3CAECD291791F39B0000F471 /* sliderThumb@2x.png */ = {isa = PBXFileReference; lastKnownFileType = image.png; path = "sliderThumb@2x.png"; sourceTree = "<group>"; };
/* End PBXFileReference section */

/* Begin PBXFrameworksBuildPhase section */
		3CAECC6B1791DBDA0000F471 /* Frameworks */ = {
			isa = PBXFrameworksBuildPhase;
			buildActionMask = 2147483647;
			files = (
				3CAECCA01791E1AE0000F471 /* CoreData.framework in Frameworks */,
				3CAECC9E1791E19F0000F471 /* SystemConfiguration.framework in Frameworks */,
				3CAECC9C1791E1920000F471 /* CoreLocation.framework in Frameworks */,
				3CAECC9A1791E1890000F471 /* Security.framework in Frameworks */,
				3CAECC981791E17E0000F471 /* MobileCoreServices.framework in Frameworks */,
				3CAECC721791DBDA0000F471 /* UIKit.framework in Frameworks */,
				3CAECC741791DBDA0000F471 /* Foundation.framework in Frameworks */,
				3CAECC761791DBDA0000F471 /* CoreGraphics.framework in Frameworks */,
				3CAECCDA1791E2A80000F471 /* libstackmob-v2.0.0.a in Frameworks */,
			);
			runOnlyForDeploymentPostprocessing = 0;
		};
/* End PBXFrameworksBuildPhase section */

/* Begin PBXGroup section */
		3CAECC651791DBDA0000F471 = {
			isa = PBXGroup;
			children = (
				3CAECCFC1791F39A0000F471 /* Resources */,
				3CAECCA11791E2A80000F471 /* StackMob-v2.0.0 */,
				3CAECC771791DBDA0000F471 /* simpleTask */,
				3CAECC941791E0AD0000F471 /* libraries */,
				3CAECC701791DBDA0000F471 /* Frameworks */,
				3CAECC6F1791DBDA0000F471 /* Products */,
			);
			sourceTree = "<group>";
		};
		3CAECC6F1791DBDA0000F471 /* Products */ = {
			isa = PBXGroup;
			children = (
				3CAECC6E1791DBDA0000F471 /* simpleTask.app */,
			);
			name = Products;
			sourceTree = "<group>";
		};
		3CAECC701791DBDA0000F471 /* Frameworks */ = {
			isa = PBXGroup;
			children = (
				3CAECC9F1791E1AE0000F471 /* CoreData.framework */,
				3CAECC9D1791E19F0000F471 /* SystemConfiguration.framework */,
				3CAECC9B1791E1920000F471 /* CoreLocation.framework */,
				3CAECC991791E1890000F471 /* Security.framework */,
				3CAECC971791E17E0000F471 /* MobileCoreServices.framework */,
				3CAECC711791DBDA0000F471 /* UIKit.framework */,
				3CAECC731791DBDA0000F471 /* Foundation.framework */,
				3CAECC751791DBDA0000F471 /* CoreGraphics.framework */,
			);
			name = Frameworks;
			sourceTree = "<group>";
		};
		3CAECC771791DBDA0000F471 /* simpleTask */ = {
			isa = PBXGroup;
			children = (
				3CAECCEF1791F2BC0000F471 /* Theme */,
				3CAECCEE1791EFBB0000F471 /* View */,
				3CAECCDE1791E74E0000F471 /* coredata */,
				3CAECC801791DBDA0000F471 /* iDCAppDelegate.h */,
				3CAECC811791DBDA0000F471 /* iDCAppDelegate.m */,
				3CAECC891791DBDA0000F471 /* MainStoryboard.storyboard */,
				3CAECC8C1791DBDB0000F471 /* iDCViewController.h */,
				3CAECC8D1791DBDB0000F471 /* iDCViewController.m */,
				3CAECC781791DBDA0000F471 /* Supporting Files */,
			);
			path = simpleTask;
			sourceTree = "<group>";
		};
		3CAECC781791DBDA0000F471 /* Supporting Files */ = {
			isa = PBXGroup;
			children = (
				3CAECC791791DBDA0000F471 /* simpleTask-Info.plist */,
				3CAECC7A1791DBDA0000F471 /* InfoPlist.strings */,
				3CAECC7D1791DBDA0000F471 /* main.m */,
				3CAECC7F1791DBDA0000F471 /* simpleTask-Prefix.pch */,
				3CAECC831791DBDA0000F471 /* Default.png */,
				3CAECC851791DBDA0000F471 /* Default@2x.png */,
				3CAECC871791DBDA0000F471 /* Default-568h@2x.png */,
			);
			name = "Supporting Files";
			sourceTree = "<group>";
		};
		3CAECC941791E0AD0000F471 /* libraries */ = {
			isa = PBXGroup;
			children = (
			);
			name = libraries;
			sourceTree = "<group>";
		};
		3CAECCA11791E2A80000F471 /* StackMob-v2.0.0 */ = {
			isa = PBXGroup;
			children = (
				3CAECCA21791E2A80000F471 /* CHANGELOG.md */,
				3CAECCA31791E2A80000F471 /* Headers */,
				3CAECCD81791E2A80000F471 /* libstackmob-v2.0.0.a */,
			);
			path = "StackMob-v2.0.0";
			sourceTree = "<group>";
		};
		3CAECCA31791E2A80000F471 /* Headers */ = {
			isa = PBXGroup;
			children = (
				3CAECCA41791E2A80000F471 /* AFHTTPClient+StackMob.h */,
				3CAECCA51791E2A80000F471 /* AFHTTPRequestOperation+RemoveContentType.h */,
				3CAECCA61791E2A80000F471 /* AFNetworking */,
				3CAECCB11791E2A80000F471 /* Base64EncodedStringFromData.h */,
				3CAECCB21791E2A80000F471 /* Common.h */,
				3CAECCB31791E2A80000F471 /* FileManagement.h */,
				3CAECCB41791E2A80000F471 /* KeychainWrapper.h */,
				3CAECCB51791E2A80000F471 /* NSArray+Enumerable.h */,
				3CAECCB61791E2A80000F471 /* NSDictionary+AtomicCounter.h */,
				3CAECCB71791E2A80000F471 /* NSEntityDescription+StackMobSerialization.h */,
				3CAECCB81791E2A80000F471 /* NSManagedObject+StackMobSerialization.h */,
				3CAECCB91791E2A80000F471 /* NSManagedObjectContext+Concurrency.h */,
				3CAECCBA1791E2A80000F471 /* SMBinaryDataConversion.h */,
				3CAECCBB1791E2A80000F471 /* SMClient.h */,
				3CAECCBC1791E2A80000F471 /* SMCoreDataStore.h */,
				3CAECCBD1791E2A80000F471 /* SMCustomCodeRequest.h */,
				3CAECCBE1791E2A80000F471 /* SMDataStore+Protected.h */,
				3CAECCBF1791E2A80000F471 /* SMDataStore.h */,
				3CAECCC01791E2A80000F471 /* SMError.h */,
				3CAECCC11791E2A80000F471 /* SMGeoPoint.h */,
				3CAECCC21791E2A80000F471 /* SMIncrementalStore+Query.h */,
				3CAECCC31791E2A80000F471 /* SMIncrementalStore.h */,
				3CAECCC41791E2A80000F471 /* SMIncrementalStoreNode.h */,
				3CAECCC51791E2A80000F471 /* SMJSONRequestOperation.h */,
				3CAECCC61791E2A80000F471 /* SMLocationManager.h */,
				3CAECCC71791E2A80000F471 /* SMNetworkReachability.h */,
				3CAECCC81791E2A80000F471 /* SMOAuth1Client.h */,
				3CAECCC91791E2A80000F471 /* SMOAuth2Client.h */,
				3CAECCCA1791E2A80000F471 /* SMPredicate.h */,
				3CAECCCB1791E2A80000F471 /* SMPushClient.h */,
				3CAECCCC1791E2A80000F471 /* SMPushToken.h */,
				3CAECCCD1791E2A80000F471 /* SMQuery.h */,
				3CAECCCE1791E2A80000F471 /* SMRequestOptions.h */,
				3CAECCCF1791E2A80000F471 /* SMResponseBlocks.h */,
				3CAECCD01791E2A80000F471 /* SMSyncedObject.h */,
				3CAECCD11791E2A80000F471 /* SMUserManagedObject.h */,
				3CAECCD21791E2A80000F471 /* SMUserSession.h */,
				3CAECCD31791E2A80000F471 /* SMVersion.h */,
				3CAECCD41791E2A80000F471 /* StackMob.h */,
				3CAECCD51791E2A80000F471 /* StackMobPush.h */,
				3CAECCD61791E2A80000F471 /* Synchronization.h */,
				3CAECCD71791E2A80000F471 /* SystemInformation.h */,
			);
			path = Headers;
			sourceTree = "<group>";
		};
		3CAECCA61791E2A80000F471 /* AFNetworking */ = {
			isa = PBXGroup;
			children = (
				3CAECCA71791E2A80000F471 /* AFHTTPClient.h */,
				3CAECCA81791E2A80000F471 /* AFHTTPRequestOperation.h */,
				3CAECCA91791E2A80000F471 /* AFImageRequestOperation.h */,
				3CAECCAA1791E2A80000F471 /* AFJSONRequestOperation.h */,
				3CAECCAB1791E2A80000F471 /* AFNetworkActivityIndicatorManager.h */,
				3CAECCAC1791E2A80000F471 /* AFNetworking.h */,
				3CAECCAD1791E2A80000F471 /* AFPropertyListRequestOperation.h */,
				3CAECCAE1791E2A80000F471 /* AFURLConnectionOperation.h */,
				3CAECCAF1791E2A80000F471 /* AFXMLRequestOperation.h */,
				3CAECCB01791E2A80000F471 /* UIImageView+AFNetworking.h */,
			);
			path = AFNetworking;
			sourceTree = "<group>";
		};
		3CAECCDE1791E74E0000F471 /* coredata */ = {
			isa = PBXGroup;
			children = (
				3CAECCDB1791E7460000F471 /* simpleTaskData.xcdatamodeld */,
				3CAECCE81791ECA90000F471 /* Task.h */,
				3CAECCE91791ECA90000F471 /* Task.m */,
				3CAECCE51791ECA90000F471 /* User.h */,
				3CAECCE61791ECA90000F471 /* User.m */,
			);
			name = coredata;
			sourceTree = "<group>";
		};
		3CAECCEE1791EFBB0000F471 /* View */ = {
			isa = PBXGroup;
			children = (
				3CAECCEB1791EFA10000F471 /* iDCLoginViewController.h */,
				3CAECCEC1791EFA10000F471 /* iDCLoginViewController.m */,
			);
			name = View;
			path = ..;
			sourceTree = "<group>";
		};
		3CAECCEF1791F2BC0000F471 /* Theme */ = {
			isa = PBXGroup;
			children = (
				3CAECCF01791F2BC0000F471 /* ADVDefaultTheme */,
				3CAECCF31791F2BC0000F471 /* ADVFitpulseTheme */,
				3CAECCF61791F2BC0000F471 /* ADVTheme */,
			);
			path = Theme;
			sourceTree = SOURCE_ROOT;
		};
		3CAECCF01791F2BC0000F471 /* ADVDefaultTheme */ = {
			isa = PBXGroup;
			children = (
				3CAECCF11791F2BC0000F471 /* ADVDefaultTheme.h */,
				3CAECCF21791F2BC0000F471 /* ADVDefaultTheme.m */,
			);
			path = ADVDefaultTheme;
			sourceTree = "<group>";
		};
		3CAECCF31791F2BC0000F471 /* ADVFitpulseTheme */ = {
			isa = PBXGroup;
			children = (
				3CAECCF41791F2BC0000F471 /* ADVFitpulseTheme.h */,
				3CAECCF51791F2BC0000F471 /* ADVFitpulseTheme.m */,
			);
			path = ADVFitpulseTheme;
			sourceTree = "<group>";
		};
		3CAECCF61791F2BC0000F471 /* ADVTheme */ = {
			isa = PBXGroup;
			children = (
				3CAECCF71791F2BC0000F471 /* ADVTheme.h */,
				3CAECCF81791F2BC0000F471 /* ADVTheme.m */,
			);
			path = ADVTheme;
			sourceTree = "<group>";
		};
		3CAECCFC1791F39A0000F471 /* Resources */ = {
			isa = PBXGroup;
			children = (
				3CAECCFD1791F39A0000F471 /* backButton.png */,
				3CAECCFE1791F39A0000F471 /* backButton@2x.png */,
				3CAECCFF1791F39A0000F471 /* background.png */,
				3CAECD001791F39A0000F471 /* background@2x.png */,
				3CAECD011791F39A0000F471 /* barButton.png */,
				3CAECD021791F39A0000F471 /* barButton@2x.png */,
				3CAECD031791F39A0000F471 /* button-blue-pressed.png */,
				3CAECD041791F39A0000F471 /* button-blue-pressed@2x.png */,
				3CAECD051791F39A0000F471 /* button-blue.png */,
				3CAECD061791F39A0000F471 /* button-blue@2x.png */,
				3CAECD071791F39A0000F471 /* button-gray-pressed.png */,
				3CAECD081791F39A0000F471 /* button-gray-pressed@2x.png */,
				3CAECD091791F39A0000F471 /* button-gray.png */,
				3CAECD0A1791F39B0000F471 /* button-gray@2x.png */,
				3CAECD0B1791F39B0000F471 /* camera-select.png */,
				3CAECD0C1791F39B0000F471 /* camera-select@2x.png */,
				3CAECD0D1791F39B0000F471 /* Default-568h@2x.png */,
				3CAECD0E1791F39B0000F471 /* Default.png */,
				3CAECD0F1791F39B0000F471 /* Default@2x.png */,
				3CAECD101791F39B0000F471 /* home-1.jpg */,
				3CAECD111791F39B0000F471 /* home-2.jpg */,
				3CAECD121791F39B0000F471 /* list-element.png */,
				3CAECD131791F39B0000F471 /* list-element@2x.png */,
				3CAECD141791F39B0000F471 /* list-section-header-bg.png */,
				3CAECD151791F39B0000F471 /* list-section-header-bg@2x.png */,
				3CAECD161791F39B0000F471 /* navigationBackground.png */,
				3CAECD171791F39B0000F471 /* navigationBackground@2x.png */,
				3CAECD181791F39B0000F471 /* profile-stats-bg.png */,
				3CAECD191791F39B0000F471 /* profile-stats-bg@2x.png */,
				3CAECD1A1791F39B0000F471 /* second.png */,
				3CAECD1B1791F39B0000F471 /* second@2x.png */,
				3CAECD1C1791F39B0000F471 /* segmentedBackground.png */,
				3CAECD1D1791F39B0000F471 /* segmentedBackground@2x.png */,
				3CAECD1E1791F39B0000F471 /* segmentedBackgroundSelected.png */,
				3CAECD1F1791F39B0000F471 /* segmentedBackgroundSelected@2x.png */,
				3CAECD201791F39B0000F471 /* segmentedDivider.png */,
				3CAECD211791F39B0000F471 /* segmentedDivider@2x.png */,
				3CAECD221791F39B0000F471 /* sliderMaxTrack.png */,
				3CAECD231791F39B0000F471 /* sliderMaxTrack@2x.png */,
				3CAECD241791F39B0000F471 /* sliderMinTrack.png */,
				3CAECD251791F39B0000F471 /* sliderMinTrack@2x.png */,
				3CAECD261791F39B0000F471 /* sliderMinTrack@2x_.png */,
				3CAECD271791F39B0000F471 /* sliderMinTrack_.png */,
				3CAECD281791F39B0000F471 /* sliderThumb.png */,
				3CAECD291791F39B0000F471 /* sliderThumb@2x.png */,
			);
			path = Resources;
			sourceTree = "<group>";
		};
/* End PBXGroup section */

/* Begin PBXNativeTarget section */
		3CAECC6D1791DBDA0000F471 /* simpleTask */ = {
			isa = PBXNativeTarget;
			buildConfigurationList = 3CAECC911791DBDB0000F471 /* Build configuration list for PBXNativeTarget "simpleTask" */;
			buildPhases = (
				3CAECC6A1791DBDA0000F471 /* Sources */,
				3CAECC6B1791DBDA0000F471 /* Frameworks */,
				3CAECC6C1791DBDA0000F471 /* Resources */,
			);
			buildRules = (
			);
			dependencies = (
			);
			name = simpleTask;
			productName = simpleTask;
			productReference = 3CAECC6E1791DBDA0000F471 /* simpleTask.app */;
			productType = "com.apple.product-type.application";
		};
/* End PBXNativeTarget section */

/* Begin PBXProject section */
		3CAECC661791DBDA0000F471 /* Project object */ = {
			isa = PBXProject;
			attributes = {
				CLASSPREFIX = iDC;
				LastUpgradeCheck = 0460;
				ORGANIZATIONNAME = "Chenchen Zheng";
			};
			buildConfigurationList = 3CAECC691791DBDA0000F471 /* Build configuration list for PBXProject "simpleTask" */;
			compatibilityVersion = "Xcode 3.2";
			developmentRegion = English;
			hasScannedForEncodings = 0;
			knownRegions = (
				en,
			);
			mainGroup = 3CAECC651791DBDA0000F471;
			productRefGroup = 3CAECC6F1791DBDA0000F471 /* Products */;
			projectDirPath = "";
			projectRoot = "";
			targets = (
				3CAECC6D1791DBDA0000F471 /* simpleTask */,
			);
		};
/* End PBXProject section */

/* Begin PBXResourcesBuildPhase section */
		3CAECC6C1791DBDA0000F471 /* Resources */ = {
			isa = PBXResourcesBuildPhase;
			buildActionMask = 2147483647;
			files = (
				3CAECC7C1791DBDA0000F471 /* InfoPlist.strings in Resources */,
				3CAECC841791DBDA0000F471 /* Default.png in Resources */,
				3CAECC861791DBDA0000F471 /* Default@2x.png in Resources */,
				3CAECC881791DBDA0000F471 /* Default-568h@2x.png in Resources */,
				3CAECC8B1791DBDB0000F471 /* MainStoryboard.storyboard in Resources */,
				3CAECCD91791E2A80000F471 /* CHANGELOG.md in Resources */,
				3CAECD2A1791F39B0000F471 /* backButton.png in Resources */,
				3CAECD2B1791F39B0000F471 /* backButton@2x.png in Resources */,
				3CAECD2C1791F39B0000F471 /* background.png in Resources */,
				3CAECD2D1791F39B0000F471 /* background@2x.png in Resources */,
				3CAECD2E1791F39B0000F471 /* barButton.png in Resources */,
				3CAECD2F1791F39B0000F471 /* barButton@2x.png in Resources */,
				3CAECD301791F39B0000F471 /* button-blue-pressed.png in Resources */,
				3CAECD311791F39B0000F471 /* button-blue-pressed@2x.png in Resources */,
				3CAECD321791F39B0000F471 /* button-blue.png in Resources */,
				3CAECD331791F39B0000F471 /* button-blue@2x.png in Resources */,
				3CAECD341791F39B0000F471 /* button-gray-pressed.png in Resources */,
				3CAECD351791F39B0000F471 /* button-gray-pressed@2x.png in Resources */,
				3CAECD361791F39B0000F471 /* button-gray.png in Resources */,
				3CAECD371791F39B0000F471 /* button-gray@2x.png in Resources */,
				3CAECD381791F39B0000F471 /* camera-select.png in Resources */,
				3CAECD391791F39B0000F471 /* camera-select@2x.png in Resources */,
				3CAECD3A1791F39B0000F471 /* Default-568h@2x.png in Resources */,
				3CAECD3B1791F39B0000F471 /* Default.png in Resources */,
				3CAECD3C1791F39B0000F471 /* Default@2x.png in Resources */,
				3CAECD3D1791F39B0000F471 /* home-1.jpg in Resources */,
				3CAECD3E1791F39B0000F471 /* home-2.jpg in Resources */,
				3CAECD3F1791F39B0000F471 /* list-element.png in Resources */,
				3CAECD401791F39B0000F471 /* list-element@2x.png in Resources */,
				3CAECD411791F39B0000F471 /* list-section-header-bg.png in Resources */,
				3CAECD421791F39B0000F471 /* list-section-header-bg@2x.png in Resources */,
				3CAECD431791F39B0000F471 /* navigationBackground.png in Resources */,
				3CAECD441791F39B0000F471 /* navigationBackground@2x.png in Resources */,
				3CAECD451791F39B0000F471 /* profile-stats-bg.png in Resources */,
				3CAECD461791F39B0000F471 /* profile-stats-bg@2x.png in Resources */,
				3CAECD471791F39B0000F471 /* second.png in Resources */,
				3CAECD481791F39B0000F471 /* second@2x.png in Resources */,
				3CAECD491791F39B0000F471 /* segmentedBackground.png in Resources */,
				3CAECD4A1791F39B0000F471 /* segmentedBackground@2x.png in Resources */,
				3CAECD4B1791F39B0000F471 /* segmentedBackgroundSelected.png in Resources */,
				3CAECD4C1791F39B0000F471 /* segmentedBackgroundSelected@2x.png in Resources */,
				3CAECD4D1791F39B0000F471 /* segmentedDivider.png in Resources */,
				3CAECD4E1791F39B0000F471 /* segmentedDivider@2x.png in Resources */,
				3CAECD4F1791F39B0000F471 /* sliderMaxTrack.png in Resources */,
				3CAECD501791F39B0000F471 /* sliderMaxTrack@2x.png in Resources */,
				3CAECD511791F39B0000F471 /* sliderMinTrack.png in Resources */,
				3CAECD521791F39B0000F471 /* sliderMinTrack@2x.png in Resources */,
				3CAECD531791F39B0000F471 /* sliderMinTrack@2x_.png in Resources */,
				3CAECD541791F39B0000F471 /* sliderMinTrack_.png in Resources */,
				3CAECD551791F39B0000F471 /* sliderThumb.png in Resources */,
				3CAECD561791F39B0000F471 /* sliderThumb@2x.png in Resources */,
			);
			runOnlyForDeploymentPostprocessing = 0;
		};
/* End PBXResourcesBuildPhase section */

/* Begin PBXSourcesBuildPhase section */
		3CAECC6A1791DBDA0000F471 /* Sources */ = {
			isa = PBXSourcesBuildPhase;
			buildActionMask = 2147483647;
			files = (
				3CAECC7E1791DBDA0000F471 /* main.m in Sources */,
				3CAECC821791DBDA0000F471 /* iDCAppDelegate.m in Sources */,
				3CAECC8E1791DBDB0000F471 /* iDCViewController.m in Sources */,
				3CAECCDD1791E7460000F471 /* simpleTaskData.xcdatamodeld in Sources */,
				3CAECCE71791ECA90000F471 /* User.m in Sources */,
				3CAECCEA1791ECA90000F471 /* Task.m in Sources */,
				3CAECCED1791EFA10000F471 /* iDCLoginViewController.m in Sources */,
				3CAECCF91791F2BC0000F471 /* ADVDefaultTheme.m in Sources */,
				3CAECCFA1791F2BC0000F471 /* ADVFitpulseTheme.m in Sources */,
				3CAECCFB1791F2BC0000F471 /* ADVTheme.m in Sources */,
			);
			runOnlyForDeploymentPostprocessing = 0;
		};
/* End PBXSourcesBuildPhase section */

/* Begin PBXVariantGroup section */
		3CAECC7A1791DBDA0000F471 /* InfoPlist.strings */ = {
			isa = PBXVariantGroup;
			children = (
				3CAECC7B1791DBDA0000F471 /* en */,
			);
			name = InfoPlist.strings;
			sourceTree = "<group>";
		};
		3CAECC891791DBDA0000F471 /* MainStoryboard.storyboard */ = {
			isa = PBXVariantGroup;
			children = (
				3CAECC8A1791DBDB0000F471 /* en */,
			);
			name = MainStoryboard.storyboard;
			sourceTree = "<group>";
		};
/* End PBXVariantGroup section */

/* Begin XCBuildConfiguration section */
		3CAECC8F1791DBDB0000F471 /* Debug */ = {
			isa = XCBuildConfiguration;
			buildSettings = {
				ALWAYS_SEARCH_USER_PATHS = NO;
				CLANG_CXX_LANGUAGE_STANDARD = "gnu++0x";
				CLANG_CXX_LIBRARY = "libc++";
				CLANG_ENABLE_OBJC_ARC = YES;
				CLANG_WARN_CONSTANT_CONVERSION = YES;
				CLANG_WARN_EMPTY_BODY = YES;
				CLANG_WARN_ENUM_CONVERSION = YES;
				CLANG_WARN_INT_CONVERSION = YES;
				CLANG_WARN__DUPLICATE_METHOD_MATCH = YES;
				"CODE_SIGN_IDENTITY[sdk=iphoneos*]" = "iPhone Developer";
				COPY_PHASE_STRIP = NO;
				GCC_C_LANGUAGE_STANDARD = gnu99;
				GCC_DYNAMIC_NO_PIC = NO;
				GCC_OPTIMIZATION_LEVEL = 0;
				GCC_PREPROCESSOR_DEFINITIONS = (
					"DEBUG=1",
					"$(inherited)",
				);
				GCC_SYMBOLS_PRIVATE_EXTERN = NO;
				GCC_WARN_ABOUT_RETURN_TYPE = YES;
				GCC_WARN_UNINITIALIZED_AUTOS = YES;
				GCC_WARN_UNUSED_VARIABLE = YES;
				IPHONEOS_DEPLOYMENT_TARGET = 6.1;
				ONLY_ACTIVE_ARCH = YES;
				SDKROOT = iphoneos;
			};
			name = Debug;
		};
		3CAECC901791DBDB0000F471 /* Release */ = {
			isa = XCBuildConfiguration;
			buildSettings = {
				ALWAYS_SEARCH_USER_PATHS = NO;
				CLANG_CXX_LANGUAGE_STANDARD = "gnu++0x";
				CLANG_CXX_LIBRARY = "libc++";
				CLANG_ENABLE_OBJC_ARC = YES;
				CLANG_WARN_CONSTANT_CONVERSION = YES;
				CLANG_WARN_EMPTY_BODY = YES;
				CLANG_WARN_ENUM_CONVERSION = YES;
				CLANG_WARN_INT_CONVERSION = YES;
				CLANG_WARN__DUPLICATE_METHOD_MATCH = YES;
				"CODE_SIGN_IDENTITY[sdk=iphoneos*]" = "iPhone Developer";
				COPY_PHASE_STRIP = YES;
				GCC_C_LANGUAGE_STANDARD = gnu99;
				GCC_WARN_ABOUT_RETURN_TYPE = YES;
				GCC_WARN_UNINITIALIZED_AUTOS = YES;
				GCC_WARN_UNUSED_VARIABLE = YES;
				IPHONEOS_DEPLOYMENT_TARGET = 6.1;
				OTHER_CFLAGS = "-DNS_BLOCK_ASSERTIONS=1";
				SDKROOT = iphoneos;
				VALIDATE_PRODUCT = YES;
			};
			name = Release;
		};
		3CAECC921791DBDB0000F471 /* Debug */ = {
			isa = XCBuildConfiguration;
			buildSettings = {
				GCC_PRECOMPILE_PREFIX_HEADER = YES;
				GCC_PREFIX_HEADER = "simpleTask/simpleTask-Prefix.pch";
				INFOPLIST_FILE = "simpleTask/simpleTask-Info.plist";
				LIBRARY_SEARCH_PATHS = (
					"$(inherited)",
					"\"$(SRCROOT)/StackMob-v2.0.0\"",
				);
				OTHER_LDFLAGS = "-ObjC";
				PRODUCT_NAME = "$(TARGET_NAME)";
				WRAPPER_EXTENSION = app;
			};
			name = Debug;
		};
		3CAECC931791DBDB0000F471 /* Release */ = {
			isa = XCBuildConfiguration;
			buildSettings = {
				GCC_PRECOMPILE_PREFIX_HEADER = YES;
				GCC_PREFIX_HEADER = "simpleTask/simpleTask-Prefix.pch";
				INFOPLIST_FILE = "simpleTask/simpleTask-Info.plist";
				LIBRARY_SEARCH_PATHS = (
					"$(inherited)",
					"\"$(SRCROOT)/StackMob-v2.0.0\"",
				);
				OTHER_LDFLAGS = "-ObjC";
				PRODUCT_NAME = "$(TARGET_NAME)";
				WRAPPER_EXTENSION = app;
			};
			name = Release;
		};
/* End XCBuildConfiguration section */

/* Begin XCConfigurationList section */
		3CAECC691791DBDA0000F471 /* Build configuration list for PBXProject "simpleTask" */ = {
			isa = XCConfigurationList;
			buildConfigurations = (
				3CAECC8F1791DBDB0000F471 /* Debug */,
				3CAECC901791DBDB0000F471 /* Release */,
			);
			defaultConfigurationIsVisible = 0;
			defaultConfigurationName = Release;
		};
		3CAECC911791DBDB0000F471 /* Build configuration list for PBXNativeTarget "simpleTask" */ = {
			isa = XCConfigurationList;
			buildConfigurations = (
				3CAECC921791DBDB0000F471 /* Debug */,
				3CAECC931791DBDB0000F471 /* Release */,
			);
			defaultConfigurationIsVisible = 0;
		};
/* End XCConfigurationList section */

/* Begin XCVersionGroup section */
		3CAECCDB1791E7460000F471 /* simpleTaskData.xcdatamodeld */ = {
			isa = XCVersionGroup;
			children = (
				3CAECCDC1791E7460000F471 /* simpleTaskData.xcdatamodel */,
			);
			currentVersion = 3CAECCDC1791E7460000F471 /* simpleTaskData.xcdatamodel */;
			name = simpleTaskData.xcdatamodeld;
			path = coredata/simpleTaskData.xcdatamodeld;
			sourceTree = "<group>";
			versionGroupType = wrapper.xcdatamodel;
		};
/* End XCVersionGroup section */
	};
	rootObject = 3CAECC661791DBDA0000F471 /* Project object */;
}
